PODS:
  - Alamofire (4.8.2)
  - HandyJSON (5.0.0)
  - HHPGNetWork (0.1.0):
    - HandyJSON
    - HHPGNetWork/Core (= 0.1.0)
  - HHPGNetWork/Core (0.1.0):
    - HandyJSON
    - Moya/RxSwift
  - Moya/Core (13.0.1):
    - Alamofire (~> 4.1)
    - Result (~> 4.1)
  - Moya/RxSwift (13.0.1):
    - Moya/Core
    - RxSwift (~> 4.0)
  - Result (4.1.0)
  - RxSwift (4.5.0)

DEPENDENCIES:
  - HHPGNetWork (from `../`)

SPEC REPOS:
  https://github.com/cocoapods/specs.git:
    - Alamofire
    - HandyJSON
    - Moya
    - Result
    - RxSwift

EXTERNAL SOURCES:
  HHPGNetWork:
    :path: "../"

SPEC CHECKSUMS:
  Alamofire: ae5c501addb7afdbb13687d7f2f722c78734c2d3
  HandyJSON: 992f2d661716d6a91de82d0056927bc7813b5770
  HHPGNetWork: 2bbf230f8dea55583e7afef273976ead97695dcd
  Moya: f4a4b80ff2f8a4ffc208dfb31cd91636622fee6e
  Result: bd966fac789cc6c1563440b348ab2598cc24d5c7
  RxSwift: f172070dfd1a93d70a9ab97a5a01166206e1c575

PODFILE CHECKSUM: 0f5a6a4ffb6293649eaa2254eaff69337151940d

COCOAPODS: 1.6.1
